
Microsoft Visual Studio Solution File, Format Version 12.00
# Visual Studio 15
VisualStudioVersion = 15.0.33801.198
MinimumVisualStudioVersion = 10.0.40219.1
Project("{FAE04EC0-301F-11D3-BF4B-00C04F79EFBC}") = "TcUnit-VsExtension", "src\TcUnit-VsExtension.csproj", "{5699B6A3-4EF4-4092-BDF2-8A2781B2E795}"
EndProject
Global
	GlobalSection(SolutionConfigurationPlatforms) = preSolution
		Debug|Any CPU = Debug|Any CPU
		Release|Any CPU = Release|Any CPU
	EndGlobalSection
	GlobalSection(ProjectConfigurationPlatforms) = postSolution
		{5699B6A3-4EF4-4092-BDF2-8A2781B2E795}.Debug|Any CPU.ActiveCfg = Debug|Any CPU
		{5699B6A3-4EF4-4092-BDF2-8A2781B2E795}.Debug|Any CPU.Build.0 = Debug|Any CPU
		{5699B6A3-4EF4-4092-BDF2-8A2781B2E795}.Release|Any CPU.ActiveCfg = Release|Any CPU
		{5699B6A3-4EF4-4092-BDF2-8A2781B2E795}.Release|Any CPU.Build.0 = Release|Any CPU
	EndGlobalSection
	GlobalSection(SolutionProperties) = preSolution
		HideSolutionNode = FALSE
	EndGlobalSection
	GlobalSection(ExtensibilityGlobals) = postSolution
		SolutionGuid = {D374D980-8035-4010-AAFA-EB56B22A09A8}
	EndGlobalSection
EndGlobal
